PODS:
  - FlutterMacOS (1.0.0)
  - rust_lib_flutter_rust_hello_world (0.0.1):
    - FlutterMacOS

DEPENDENCIES:
  - FlutterMacOS (from `Flutter/ephemeral`)
  - rust_lib_flutter_rust_hello_world (from `Flutter/ephemeral/.symlinks/plugins/rust_lib_flutter_rust_hello_world/macos`)

EXTERNAL SOURCES:
  FlutterMacOS:
    :path: Flutter/ephemeral
  rust_lib_flutter_rust_hello_world:
    :path: Flutter/ephemeral/.symlinks/plugins/rust_lib_flutter_rust_hello_world/macos

SPEC CHECKSUMS:
  FlutterMacOS: 8f6f14fa908a6fb3fba0cd85dbd81ec4b251fb24
  rust_lib_flutter_rust_hello_world: 86c00f9cd5f8ba1e236bcbdbb6284fb45695a843

PODFILE CHECKSUM: 236401fc2c932af29a9fcf0e97baeeb2d750d367

COCOAPODS: 1.15.2
